
Microsoft Visual Studio Solution File, Format Version 12.00
Project("{2150E333-8FDC-42A3-9474-1A3956D46DE8}") = "Backend", "Backend", "{DD9B5F58-8BDA-4E0B-A2D1-9CDB03F07A8E}"
EndProject
Project("{2150E333-8FDC-42A3-9474-1A3956D46DE8}") = "Core", "Core", "{5D7916E3-B5EC-4E7A-A0A4-96F358071ECC}"
EndProject
Project("{2150E333-8FDC-42A3-9474-1A3956D46DE8}") = "Infrastructure", "Infrastructure", "{3456CC88-0B20-4F86-A056-25081C331838}"
EndProject
Project("{2150E333-8FDC-42A3-9474-1A3956D46DE8}") = "Presentation", "Presentation", "{96E8075B-566C-4A35-A69A-A340CC4F8E69}"
EndProject
Project("{FAE04EC0-301F-11D3-BF4B-00C04F79EFBC}") = "CloudStorage.Domain", "Backend\CloudStorage.Domain\CloudStorage.Domain.csproj", "{887917B9-3A35-4E52-9D9C-258434E84C85}"
EndProject
Project("{FAE04EC0-301F-11D3-BF4B-00C04F79EFBC}") = "CloudStorage.Persistence", "Backend\CloudStorage.Persistence\CloudStorage.Persistence.csproj", "{7AEC826C-478F-452A-A5CB-088CF14D57E1}"
EndProject
Project("{FAE04EC0-301F-11D3-BF4B-00C04F79EFBC}") = "CloudStorage.WebApi", "Backend\CloudStorage.WebApi\CloudStorage.WebApi.csproj", "{05F18017-907B-44FE-9D76-5C07181B66B8}"
EndProject
Project("{FAE04EC0-301F-11D3-BF4B-00C04F79EFBC}") = "CloudStorage.Service", "Backend\CloudStorage.Service\CloudStorage.Service.csproj", "{933A698F-4482-4B21-AFA7-2E8D14D9C1AE}"
EndProject
Global
	GlobalSection(SolutionConfigurationPlatforms) = preSolution
		Debug|Any CPU = Debug|Any CPU
		Release|Any CPU = Release|Any CPU
	EndGlobalSection
	GlobalSection(ProjectConfigurationPlatforms) = postSolution
		{887917B9-3A35-4E52-9D9C-258434E84C85}.Debug|Any CPU.ActiveCfg = Debug|Any CPU
		{887917B9-3A35-4E52-9D9C-258434E84C85}.Debug|Any CPU.Build.0 = Debug|Any CPU
		{887917B9-3A35-4E52-9D9C-258434E84C85}.Release|Any CPU.ActiveCfg = Release|Any CPU
		{887917B9-3A35-4E52-9D9C-258434E84C85}.Release|Any CPU.Build.0 = Release|Any CPU
		{7AEC826C-478F-452A-A5CB-088CF14D57E1}.Debug|Any CPU.ActiveCfg = Debug|Any CPU
		{7AEC826C-478F-452A-A5CB-088CF14D57E1}.Debug|Any CPU.Build.0 = Debug|Any CPU
		{7AEC826C-478F-452A-A5CB-088CF14D57E1}.Release|Any CPU.ActiveCfg = Release|Any CPU
		{7AEC826C-478F-452A-A5CB-088CF14D57E1}.Release|Any CPU.Build.0 = Release|Any CPU
		{05F18017-907B-44FE-9D76-5C07181B66B8}.Debug|Any CPU.ActiveCfg = Debug|Any CPU
		{05F18017-907B-44FE-9D76-5C07181B66B8}.Debug|Any CPU.Build.0 = Debug|Any CPU
		{05F18017-907B-44FE-9D76-5C07181B66B8}.Release|Any CPU.ActiveCfg = Release|Any CPU
		{05F18017-907B-44FE-9D76-5C07181B66B8}.Release|Any CPU.Build.0 = Release|Any CPU
		{933A698F-4482-4B21-AFA7-2E8D14D9C1AE}.Debug|Any CPU.ActiveCfg = Debug|Any CPU
		{933A698F-4482-4B21-AFA7-2E8D14D9C1AE}.Debug|Any CPU.Build.0 = Debug|Any CPU
		{933A698F-4482-4B21-AFA7-2E8D14D9C1AE}.Release|Any CPU.ActiveCfg = Release|Any CPU
		{933A698F-4482-4B21-AFA7-2E8D14D9C1AE}.Release|Any CPU.Build.0 = Release|Any CPU
	EndGlobalSection
	GlobalSection(NestedProjects) = preSolution
		{5D7916E3-B5EC-4E7A-A0A4-96F358071ECC} = {DD9B5F58-8BDA-4E0B-A2D1-9CDB03F07A8E}
		{3456CC88-0B20-4F86-A056-25081C331838} = {DD9B5F58-8BDA-4E0B-A2D1-9CDB03F07A8E}
		{96E8075B-566C-4A35-A69A-A340CC4F8E69} = {DD9B5F58-8BDA-4E0B-A2D1-9CDB03F07A8E}
		{887917B9-3A35-4E52-9D9C-258434E84C85} = {5D7916E3-B5EC-4E7A-A0A4-96F358071ECC}
		{7AEC826C-478F-452A-A5CB-088CF14D57E1} = {3456CC88-0B20-4F86-A056-25081C331838}
		{05F18017-907B-44FE-9D76-5C07181B66B8} = {96E8075B-566C-4A35-A69A-A340CC4F8E69}
		{933A698F-4482-4B21-AFA7-2E8D14D9C1AE} = {5D7916E3-B5EC-4E7A-A0A4-96F358071ECC}
	EndGlobalSection
EndGlobal
